// !$*UTF8*$!
{
	archiveVersion = 1;
	classes = {
	};
	objectVersion = 56;
	objects = {

/* Begin PBXBuildFile section */
		2650C647C399116E869D46B9 /* Pods_FirebaseAuthenticationTests.framework in Frameworks */ = {isa = PBXBuildFile; fileRef = DB084E183872186172A4E251 /* Pods_FirebaseAuthenticationTests.framework */; };
		84AFE8DCF0FE9AC02A785F4C /* Pods_FirebaseAuthentication_FirebaseAuthenticationUITests.framework in Frameworks */ = {isa = PBXBuildFile; fileRef = 1231CD7F0964CC628F8A7BE7 /* Pods_FirebaseAuthentication_FirebaseAuthenticationUITests.framework */; };
		8920975D1D71BF8D502668A8 /* Pods_FirebaseAuthentication.framework in Frameworks */ = {isa = PBXBuildFile; fileRef = 08F316513A57A13F27FD2D3A /* Pods_FirebaseAuthentication.framework */; };
		BD502CA12C210D680012A464 /* AppDelegate.swift in Sources */ = {isa = PBXBuildFile; fileRef = BD502CA02C210D680012A464 /* AppDelegate.swift */; };
		BD502CA32C210D680012A464 /* SceneDelegate.swift in Sources */ = {isa = PBXBuildFile; fileRef = BD502CA22C210D680012A464 /* SceneDelegate.swift */; };
		BD502CA52C210D680012A464 /* ViewController.swift in Sources */ = {isa = PBXBuildFile; fileRef = BD502CA42C210D680012A464 /* ViewController.swift */; };
		BD502CA82C210D680012A464 /* Base in Resources */ = {isa = PBXBuildFile; fileRef = BD502CA72C210D680012A464 /* Base */; };
		BD502CAA2C210D690012A464 /* Assets.xcassets in Resources */ = {isa = PBXBuildFile; fileRef = BD502CA92C210D690012A464 /* Assets.xcassets */; };
		BD502CAD2C210D690012A464 /* Base in Resources */ = {isa = PBXBuildFile; fileRef = BD502CAC2C210D690012A464 /* Base */; };
		BD502CB82C210D6A0012A464 /* FirebaseAuthenticationTests.swift in Sources */ = {isa = PBXBuildFile; fileRef = BD502CB72C210D6A0012A464 /* FirebaseAuthenticationTests.swift */; };
		BD502CC22C210D6A0012A464 /* FirebaseAuthenticationUITests.swift in Sources */ = {isa = PBXBuildFile; fileRef = BD502CC12C210D6A0012A464 /* FirebaseAuthenticationUITests.swift */; };
		BD502CC42C210D6A0012A464 /* FirebaseAuthenticationUITestsLaunchTests.swift in Sources */ = {isa = PBXBuildFile; fileRef = BD502CC32C210D6A0012A464 /* FirebaseAuthenticationUITestsLaunchTests.swift */; };
		BD502CD12C210E7F0012A464 /* GoogleService-Info.plist in Resources */ = {isa = PBXBuildFile; fileRef = BD502CD02C210E7F0012A464 /* GoogleService-Info.plist */; };
		BD502CD32C210EFF0012A464 /* HomePageViewController.swift in Sources */ = {isa = PBXBuildFile; fileRef = BD502CD22C210EFF0012A464 /* HomePageViewController.swift */; };
		BD502CD52C210F0E0012A464 /* VerifyOTPViewController.swift in Sources */ = {isa = PBXBuildFile; fileRef = BD502CD42C210F0E0012A464 /* VerifyOTPViewController.swift */; };
/* End PBXBuildFile section */

/* Begin PBXContainerItemProxy section */
		BD502CB42C210D6A0012A464 /* PBXContainerItemProxy */ = {
			isa = PBXContainerItemProxy;
			containerPortal = BD502C952C210D680012A464 /* Project object */;
			proxyType = 1;
			remoteGlobalIDString = BD502C9C2C210D680012A464;
			remoteInfo = FirebaseAuthentication;
		};
		BD502CBE2C210D6A0012A464 /* PBXContainerItemProxy */ = {
			isa = PBXContainerItemProxy;
			containerPortal = BD502C952C210D680012A464 /* Project object */;
			proxyType = 1;
			remoteGlobalIDString = BD502C9C2C210D680012A464;
			remoteInfo = FirebaseAuthentication;
		};
/* End PBXContainerItemProxy section */

/* Begin PBXFileReference section */
		08F316513A57A13F27FD2D3A /* Pods_FirebaseAuthentication.framework */ = {isa = PBXFileReference; explicitFileType = wrapper.framework; includeInIndex = 0; path = Pods_FirebaseAuthentication.framework; sourceTree = BUILT_PRODUCTS_DIR; };
		1231CD7F0964CC628F8A7BE7 /* Pods_FirebaseAuthentication_FirebaseAuthenticationUITests.framework */ = {isa = PBXFileReference; explicitFileType = wrapper.framework; includeInIndex = 0; path = Pods_FirebaseAuthentication_FirebaseAuthenticationUITests.framework; sourceTree = BUILT_PRODUCTS_DIR; };
		53CBC68450FAD4D384B10B20 /* Pods-FirebaseAuthenticationTests.debug.xcconfig */ = {isa = PBXFileReference; includeInIndex = 1; lastKnownFileType = text.xcconfig; name = "Pods-FirebaseAuthenticationTests.debug.xcconfig"; path = "Target Support Files/Pods-FirebaseAuthenticationTests/Pods-FirebaseAuthenticationTests.debug.xcconfig"; sourceTree = "<group>"; };
		58B7C2FAFE4AA09E5F4B4D21 /* Pods-FirebaseAuthentication.debug.xcconfig */ = {isa = PBXFileReference; includeInIndex = 1; lastKnownFileType = text.xcconfig; name = "Pods-FirebaseAuthentication.debug.xcconfig"; path = "Target Support Files/Pods-FirebaseAuthentication/Pods-FirebaseAuthentication.debug.xcconfig"; sourceTree = "<group>"; };
		6A035C7A2F1DE0C974646797 /* Pods-FirebaseAuthenticationTests.release.xcconfig */ = {isa = PBXFileReference; includeInIndex = 1; lastKnownFileType = text.xcconfig; name = "Pods-FirebaseAuthenticationTests.release.xcconfig"; path = "Target Support Files/Pods-FirebaseAuthenticationTests/Pods-FirebaseAuthenticationTests.release.xcconfig"; sourceTree = "<group>"; };
		B595AB16A0CE7490E7623A6C /* Pods-FirebaseAuthentication-FirebaseAuthenticationUITests.release.xcconfig */ = {isa = PBXFileReference; includeInIndex = 1; lastKnownFileType = text.xcconfig; name = "Pods-FirebaseAuthentication-FirebaseAuthenticationUITests.release.xcconfig"; path = "Target Support Files/Pods-FirebaseAuthentication-FirebaseAuthenticationUITests/Pods-FirebaseAuthentication-FirebaseAuthenticationUITests.release.xcconfig"; sourceTree = "<group>"; };
		BD502C9D2C210D680012A464 /* FirebaseAuthentication.app */ = {isa = PBXFileReference; explicitFileType = wrapper.application; includeInIndex = 0; path = FirebaseAuthentication.app; sourceTree = BUILT_PRODUCTS_DIR; };
		BD502CA02C210D680012A464 /* AppDelegate.swift */ = {isa = PBXFileReference; lastKnownFileType = sourcecode.swift; path = AppDelegate.swift; sourceTree = "<group>"; };
		BD502CA22C210D680012A464 /* SceneDelegate.swift */ = {isa = PBXFileReference; lastKnownFileType = sourcecode.swift; path = SceneDelegate.swift; sourceTree = "<group>"; };
		BD502CA42C210D680012A464 /* ViewController.swift */ = {isa = PBXFileReference; lastKnownFileType = sourcecode.swift; path = ViewController.swift; sourceTree = "<group>"; };
		BD502CA72C210D680012A464 /* Base */ = {isa = PBXFileReference; lastKnownFileType = file.storyboard; name = Base; path = Base.lproj/Main.storyboard; sourceTree = "<group>"; };
		BD502CA92C210D690012A464 /* Assets.xcassets */ = {isa = PBXFileReference; lastKnownFileType = folder.assetcatalog; path = Assets.xcassets; sourceTree = "<group>"; };
		BD502CAC2C210D690012A464 /* Base */ = {isa = PBXFileReference; lastKnownFileType = file.storyboard; name = Base; path = Base.lproj/LaunchScreen.storyboard; sourceTree = "<group>"; };
		BD502CAE2C210D690012A464 /* Info.plist */ = {isa = PBXFileReference; lastKnownFileType = text.plist.xml; path = Info.plist; sourceTree = "<group>"; };
		BD502CB32C210D6A0012A464 /* FirebaseAuthenticationTests.xctest */ = {isa = PBXFileReference; explicitFileType = wrapper.cfbundle; includeInIndex = 0; path = FirebaseAuthenticationTests.xctest; sourceTree = BUILT_PRODUCTS_DIR; };
		BD502CB72C210D6A0012A464 /* FirebaseAuthenticationTests.swift */ = {isa = PBXFileReference; lastKnownFileType = sourcecode.swift; path = FirebaseAuthenticationTests.swift; sourceTree = "<group>"; };
		BD502CBD2C210D6A0012A464 /* FirebaseAuthenticationUITests.xctest */ = {isa = PBXFileReference; explicitFileType = wrapper.cfbundle; includeInIndex = 0; path = FirebaseAuthenticationUITests.xctest; sourceTree = BUILT_PRODUCTS_DIR; };
		BD502CC12C210D6A0012A464 /* FirebaseAuthenticationUITests.swift */ = {isa = PBXFileReference; lastKnownFileType = sourcecode.swift; path = FirebaseAuthenticationUITests.swift; sourceTree = "<group>"; };
		BD502CC32C210D6A0012A464 /* FirebaseAuthenticationUITestsLaunchTests.swift */ = {isa = PBXFileReference; lastKnownFileType = sourcecode.swift; path = FirebaseAuthenticationUITestsLaunchTests.swift; sourceTree = "<group>"; };
		BD502CD02C210E7F0012A464 /* GoogleService-Info.plist */ = {isa = PBXFileReference; fileEncoding = 4; lastKnownFileType = text.plist.xml; path = "GoogleService-Info.plist"; sourceTree = "<group>"; };
		BD502CD22C210EFF0012A464 /* HomePageViewController.swift */ = {isa = PBXFileReference; fileEncoding = 4; lastKnownFileType = sourcecode.swift; path = HomePageViewController.swift; sourceTree = "<group>"; };
		BD502CD42C210F0E0012A464 /* VerifyOTPViewController.swift */ = {isa = PBXFileReference; fileEncoding = 4; lastKnownFileType = sourcecode.swift; path = VerifyOTPViewController.swift; sourceTree = "<group>"; };
		DB084E183872186172A4E251 /* Pods_FirebaseAuthenticationTests.framework */ = {isa = PBXFileReference; explicitFileType = wrapper.framework; includeInIndex = 0; path = Pods_FirebaseAuthenticationTests.framework; sourceTree = BUILT_PRODUCTS_DIR; };
		EC24E762EF5D4CEE49BE825F /* Pods-FirebaseAuthentication.release.xcconfig */ = {isa = PBXFileReference; includeInIndex = 1; lastKnownFileType = text.xcconfig; name = "Pods-FirebaseAuthentication.release.xcconfig"; path = "Target Support Files/Pods-FirebaseAuthentication/Pods-FirebaseAuthentication.release.xcconfig"; sourceTree = "<group>"; };
		ECCD70B7A05B6FCF9557B1BC /* Pods-FirebaseAuthentication-FirebaseAuthenticationUITests.debug.xcconfig */ = {isa = PBXFileReference; includeInIndex = 1; lastKnownFileType = text.xcconfig; name = "Pods-FirebaseAuthentication-FirebaseAuthenticationUITests.debug.xcconfig"; path = "Target Support Files/Pods-FirebaseAuthentication-FirebaseAuthenticationUITests/Pods-FirebaseAuthentication-FirebaseAuthenticationUITests.debug.xcconfig"; sourceTree = "<group>"; };
/* End PBXFileReference section */

/* Begin PBXFrameworksBuildPhase section */
		BD502C9A2C210D680012A464 /* Frameworks */ = {
			isa = PBXFrameworksBuildPhase;
			buildActionMask = 2147483647;
			files = (
				8920975D1D71BF8D502668A8 /* Pods_FirebaseAuthentication.framework in Frameworks */,
			);
			runOnlyForDeploymentPostprocessing = 0;
		};
		BD502CB02C210D6A0012A464 /* Frameworks */ = {
			isa = PBXFrameworksBuildPhase;
			buildActionMask = 2147483647;
			files = (
				2650C647C399116E869D46B9 /* Pods_FirebaseAuthenticationTests.framework in Frameworks */,
			);
			runOnlyForDeploymentPostprocessing = 0;
		};
		BD502CBA2C210D6A0012A464 /* Frameworks */ = {
			isa = PBXFrameworksBuildPhase;
			buildActionMask = 2147483647;
			files = (
				84AFE8DCF0FE9AC02A785F4C /* Pods_FirebaseAuthentication_FirebaseAuthenticationUITests.framework in Frameworks */,
			);
			runOnlyForDeploymentPostprocessing = 0;
		};
/* End PBXFrameworksBuildPhase section */

/* Begin PBXGroup section */
		13D6EBBAF6688D7CAC5653E9 /* Pods */ = {
			isa = PBXGroup;
			children = (
				58B7C2FAFE4AA09E5F4B4D21 /* Pods-FirebaseAuthentication.debug.xcconfig */,
				EC24E762EF5D4CEE49BE825F /* Pods-FirebaseAuthentication.release.xcconfig */,
				ECCD70B7A05B6FCF9557B1BC /* Pods-FirebaseAuthentication-FirebaseAuthenticationUITests.debug.xcconfig */,
				B595AB16A0CE7490E7623A6C /* Pods-FirebaseAuthentication-FirebaseAuthenticationUITests.release.xcconfig */,
				53CBC68450FAD4D384B10B20 /* Pods-FirebaseAuthenticationTests.debug.xcconfig */,
				6A035C7A2F1DE0C974646797 /* Pods-FirebaseAuthenticationTests.release.xcconfig */,
			);
			path = Pods;
			sourceTree = "<group>";
		};
		4368E0C22B5043F4C73EB666 /* Frameworks */ = {
			isa = PBXGroup;
			children = (
				08F316513A57A13F27FD2D3A /* Pods_FirebaseAuthentication.framework */,
				1231CD7F0964CC628F8A7BE7 /* Pods_FirebaseAuthentication_FirebaseAuthenticationUITests.framework */,
				DB084E183872186172A4E251 /* Pods_FirebaseAuthenticationTests.framework */,
			);
			name = Frameworks;
			sourceTree = "<group>";
		};
		BD502C942C210D680012A464 = {
			isa = PBXGroup;
			children = (
				BD502C9F2C210D680012A464 /* FirebaseAuthentication */,
				BD502CB62C210D6A0012A464 /* FirebaseAuthenticationTests */,
				BD502CC02C210D6A0012A464 /* FirebaseAuthenticationUITests */,
				BD502C9E2C210D680012A464 /* Products */,
				13D6EBBAF6688D7CAC5653E9 /* Pods */,
				4368E0C22B5043F4C73EB666 /* Frameworks */,
			);
			sourceTree = "<group>";
		};
		BD502C9E2C210D680012A464 /* Products */ = {
			isa = PBXGroup;
			children = (
				BD502C9D2C210D680012A464 /* FirebaseAuthentication.app */,
				BD502CB32C210D6A0012A464 /* FirebaseAuthenticationTests.xctest */,
				BD502CBD2C210D6A0012A464 /* FirebaseAuthenticationUITests.xctest */,
			);
			name = Products;
			sourceTree = "<group>";
		};
		BD502C9F2C210D680012A464 /* FirebaseAuthentication */ = {
			isa = PBXGroup;
			children = (
				BD502CA02C210D680012A464 /* AppDelegate.swift */,
				BD502CA22C210D680012A464 /* SceneDelegate.swift */,
				BD502CA42C210D680012A464 /* ViewController.swift */,
				BD502CD42C210F0E0012A464 /* VerifyOTPViewController.swift */,
				BD502CD22C210EFF0012A464 /* HomePageViewController.swift */,
				BD502CA62C210D680012A464 /* Main.storyboard */,
				BD502CA92C210D690012A464 /* Assets.xcassets */,
				BD502CAB2C210D690012A464 /* LaunchScreen.storyboard */,
				BD502CAE2C210D690012A464 /* Info.plist */,
				BD502CD02C210E7F0012A464 /* GoogleService-Info.plist */,
			);
			path = FirebaseAuthentication;
			sourceTree = "<group>";
		};
		BD502CB62C210D6A0012A464 /* FirebaseAuthenticationTests */ = {
			isa = PBXGroup;
			children = (
				BD502CB72C210D6A0012A464 /* FirebaseAuthenticationTests.swift */,
			);
			path = FirebaseAuthenticationTests;
			sourceTree = "<group>";
		};
		BD502CC02C210D6A0012A464 /* FirebaseAuthenticationUITests */ = {
			isa = PBXGroup;
			children = (
				BD502CC12C210D6A0012A464 /* FirebaseAuthenticationUITests.swift */,
				BD502CC32C210D6A0012A464 /* FirebaseAuthenticationUITestsLaunchTests.swift */,
			);
			path = FirebaseAuthenticationUITests;
			sourceTree = "<group>";
		};
/* End PBXGroup section */

/* Begin PBXNativeTarget section */
		BD502C9C2C210D680012A464 /* FirebaseAuthentication */ = {
			isa = PBXNativeTarget;
			buildConfigurationList = BD502CC72C210D6A0012A464 /* Build configuration list for PBXNativeTarget "FirebaseAuthentication" */;
			buildPhases = (
				F408B3D13B4B604E9C4640A3 /* [CP] Check Pods Manifest.lock */,
				BD502C992C210D680012A464 /* Sources */,
				BD502C9A2C210D680012A464 /* Frameworks */,
				BD502C9B2C210D680012A464 /* Resources */,
				0122677C62FAF5C68D90B637 /* [CP] Embed Pods Frameworks */,
			);
			buildRules = (
			);
			dependencies = (
			);
			name = FirebaseAuthentication;
			productName = FirebaseAuthentication;
			productReference = BD502C9D2C210D680012A464 /* FirebaseAuthentication.app */;
			productType = "com.apple.product-type.application";
		};
		BD502CB22C210D6A0012A464 /* FirebaseAuthenticationTests */ = {
			isa = PBXNativeTarget;
			buildConfigurationList = BD502CCA2C210D6A0012A464 /* Build configuration list for PBXNativeTarget "FirebaseAuthenticationTests" */;
			buildPhases = (
				C4C42CC1D4B93BA8C76FF73E /* [CP] Check Pods Manifest.lock */,
				BD502CAF2C210D6A0012A464 /* Sources */,
				BD502CB02C210D6A0012A464 /* Frameworks */,
				BD502CB12C210D6A0012A464 /* Resources */,
			);
			buildRules = (
			);
			dependencies = (
				BD502CB52C210D6A0012A464 /* PBXTargetDependency */,
			);
			name = FirebaseAuthenticationTests;
			productName = FirebaseAuthenticationTests;
			productReference = BD502CB32C210D6A0012A464 /* FirebaseAuthenticationTests.xctest */;
			productType = "com.apple.product-type.bundle.unit-test";
		};
		BD502CBC2C210D6A0012A464 /* FirebaseAuthenticationUITests */ = {
			isa = PBXNativeTarget;
			buildConfigurationList = BD502CCD2C210D6A0012A464 /* Build configuration list for PBXNativeTarget "FirebaseAuthenticationUITests" */;
			buildPhases = (
				1801CD37B12526048CF6E313 /* [CP] Check Pods Manifest.lock */,
				BD502CB92C210D6A0012A464 /* Sources */,
				BD502CBA2C210D6A0012A464 /* Frameworks */,
				BD502CBB2C210D6A0012A464 /* Resources */,
				C6988CAA5834E4C3F8873BFE /* [CP] Embed Pods Frameworks */,
			);
			buildRules = (
			);
			dependencies = (
				BD502CBF2C210D6A0012A464 /* PBXTargetDependency */,
			);
			name = FirebaseAuthenticationUITests;
			productName = FirebaseAuthenticationUITests;
			productReference = BD502CBD2C210D6A0012A464 /* FirebaseAuthenticationUITests.xctest */;
			productType = "com.apple.product-type.bundle.ui-testing";
		};
/* End PBXNativeTarget section */

/* Begin PBXProject section */
		BD502C952C210D680012A464 /* Project object */ = {
			isa = PBXProject;
			attributes = {
				BuildIndependentTargetsInParallel = 1;
				LastSwiftUpdateCheck = 1530;
				LastUpgradeCheck = 1530;
				TargetAttributes = {
					BD502C9C2C210D680012A464 = {
						CreatedOnToolsVersion = 15.3;
					};
					BD502CB22C210D6A0012A464 = {
						CreatedOnToolsVersion = 15.3;
						TestTargetID = BD502C9C2C210D680012A464;
					};
					BD502CBC2C210D6A0012A464 = {
						CreatedOnToolsVersion = 15.3;
						TestTargetID = BD502C9C2C210D680012A464;
					};
				};
			};
			buildConfigurationList = BD502C982C210D680012A464 /* Build configuration list for PBXProject "FirebaseAuthentication" */;
			compatibilityVersion = "Xcode 14.0";
			developmentRegion = en;
			hasScannedForEncodings = 0;
			knownRegions = (
				en,
				Base,
			);
			mainGroup = BD502C942C210D680012A464;
			productRefGroup = BD502C9E2C210D680012A464 /* Products */;
			projectDirPath = "";
			projectRoot = "";
			targets = (
				BD502C9C2C210D680012A464 /* FirebaseAuthentication */,
				BD502CB22C210D6A0012A464 /* FirebaseAuthenticationTests */,
				BD502CBC2C210D6A0012A464 /* FirebaseAuthenticationUITests */,
			);
		};
/* End PBXProject section */

/* Begin PBXResourcesBuildPhase section */
		BD502C9B2C210D680012A464 /* Resources */ = {
			isa = PBXResourcesBuildPhase;
			buildActionMask = 2147483647;
			files = (
				BD502CAA2C210D690012A464 /* Assets.xcassets in Resources */,
				BD502CD12C210E7F0012A464 /* GoogleService-Info.plist in Resources */,
				BD502CAD2C210D690012A464 /* Base in Resources */,
				BD502CA82C210D680012A464 /* Base in Resources */,
			);
			runOnlyForDeploymentPostprocessing = 0;
		};
		BD502CB12C210D6A0012A464 /* Resources */ = {
			isa = PBXResourcesBuildPhase;
			buildActionMask = 2147483647;
			files = (
			);
			runOnlyForDeploymentPostprocessing = 0;
		};
		BD502CBB2C210D6A0012A464 /* Resources */ = {
			isa = PBXResourcesBuildPhase;
			buildActionMask = 2147483647;
			files = (
			);
			runOnlyForDeploymentPostprocessing = 0;
		};
/* End PBXResourcesBuildPhase section */

/* Begin PBXShellScriptBuildPhase section */
		0122677C62FAF5C68D90B637 /* [CP] Embed Pods Frameworks */ = {
			isa = PBXShellScriptBuildPhase;
			buildActionMask = 2147483647;
			files = (
			);
			inputFileListPaths = (
				"${PODS_ROOT}/Target Support Files/Pods-FirebaseAuthentication/Pods-FirebaseAuthentication-frameworks-${CONFIGURATION}-input-files.xcfilelist",
			);
			name = "[CP] Embed Pods Frameworks";
			outputFileListPaths = (
				"${PODS_ROOT}/Target Support Files/Pods-FirebaseAuthentication/Pods-FirebaseAuthentication-frameworks-${CONFIGURATION}-output-files.xcfilelist",
			);
			runOnlyForDeploymentPostprocessing = 0;
			shellPath = /bin/sh;
			shellScript = "\"${PODS_ROOT}/Target Support Files/Pods-FirebaseAuthentication/Pods-FirebaseAuthentication-frameworks.sh\"\n";
			showEnvVarsInLog = 0;
		};
		1801CD37B12526048CF6E313 /* [CP] Check Pods Manifest.lock */ = {
			isa = PBXShellScriptBuildPhase;
			buildActionMask = 2147483647;
			files = (
			);
			inputFileListPaths = (
			);
			inputPaths = (
				"${PODS_PODFILE_DIR_PATH}/Podfile.lock",
				"${PODS_ROOT}/Manifest.lock",
			);
			name = "[CP] Check Pods Manifest.lock";
			outputFileListPaths = (
			);
			outputPaths = (
				"$(DERIVED_FILE_DIR)/Pods-FirebaseAuthentication-FirebaseAuthenticationUITests-checkManifestLockResult.txt",
			);
			runOnlyForDeploymentPostprocessing = 0;
			shellPath = /bin/sh;
			shellScript = "diff \"${PODS_PODFILE_DIR_PATH}/Podfile.lock\" \"${PODS_ROOT}/Manifest.lock\" > /dev/null\nif [ $? != 0 ] ; then\n    # print error to STDERR\n    echo \"error: The sandbox is not in sync with the Podfile.lock. Run 'pod install' or update your CocoaPods installation.\" >&2\n    exit 1\nfi\n# This output is used by Xcode 'outputs' to avoid re-running this script phase.\necho \"SUCCESS\" > \"${SCRIPT_OUTPUT_FILE_0}\"\n";
			showEnvVarsInLog = 0;
		};
		C4C42CC1D4B93BA8C76FF73E /* [CP] Check Pods Manifest.lock */ = {
			isa = PBXShellScriptBuildPhase;
			buildActionMask = 2147483647;
			files = (
			);
			inputFileListPaths = (
			);
			inputPaths = (
				"${PODS_PODFILE_DIR_PATH}/Podfile.lock",
				"${PODS_ROOT}/Manifest.lock",
			);
			name = "[CP] Check Pods Manifest.lock";
			outputFileListPaths = (
			);
			outputPaths = (
				"$(DERIVED_FILE_DIR)/Pods-FirebaseAuthenticationTests-checkManifestLockResult.txt",
			);
			runOnlyForDeploymentPostprocessing = 0;
			shellPath = /bin/sh;
			shellScript = "diff \"${PODS_PODFILE_DIR_PATH}/Podfile.lock\" \"${PODS_ROOT}/Manifest.lock\" > /dev/null\nif [ $? != 0 ] ; then\n    # print error to STDERR\n    echo \"error: The sandbox is not in sync with the Podfile.lock. Run 'pod install' or update your CocoaPods installation.\" >&2\n    exit 1\nfi\n# This output is used by Xcode 'outputs' to avoid re-running this script phase.\necho \"SUCCESS\" > \"${SCRIPT_OUTPUT_FILE_0}\"\n";
			showEnvVarsInLog = 0;
		};
		C6988CAA5834E4C3F8873BFE /* [CP] Embed Pods Frameworks */ = {
			isa = PBXShellScriptBuildPhase;
			buildActionMask = 2147483647;
			files = (
			);
			inputFileListPaths = (
				"${PODS_ROOT}/Target Support Files/Pods-FirebaseAuthentication-FirebaseAuthenticationUITests/Pods-FirebaseAuthentication-FirebaseAuthenticationUITests-frameworks-${CONFIGURATION}-input-files.xcfilelist",
			);
			name = "[CP] Embed Pods Frameworks";
			outputFileListPaths = (
				"${PODS_ROOT}/Target Support Files/Pods-FirebaseAuthentication-FirebaseAuthenticationUITests/Pods-FirebaseAuthentication-FirebaseAuthenticationUITests-frameworks-${CONFIGURATION}-output-files.xcfilelist",
			);
			runOnlyForDeploymentPostprocessing = 0;
			shellPath = /bin/sh;
			shellScript = "\"${PODS_ROOT}/Target Support Files/Pods-FirebaseAuthentication-FirebaseAuthenticationUITests/Pods-FirebaseAuthentication-FirebaseAuthenticationUITests-frameworks.sh\"\n";
			showEnvVarsInLog = 0;
		};
		F408B3D13B4B604E9C4640A3 /* [CP] Check Pods Manifest.lock */ = {
			isa = PBXShellScriptBuildPhase;
			buildActionMask = 2147483647;
			files = (
			);
			inputFileListPaths = (
			);
			inputPaths = (
				"${PODS_PODFILE_DIR_PATH}/Podfile.lock",
				"${PODS_ROOT}/Manifest.lock",
			);
			name = "[CP] Check Pods Manifest.lock";
			outputFileListPaths = (
			);
			outputPaths = (
				"$(DERIVED_FILE_DIR)/Pods-FirebaseAuthentication-checkManifestLockResult.txt",
			);
			runOnlyForDeploymentPostprocessing = 0;
			shellPath = /bin/sh;
			shellScript = "diff \"${PODS_PODFILE_DIR_PATH}/Podfile.lock\" \"${PODS_ROOT}/Manifest.lock\" > /dev/null\nif [ $? != 0 ] ; then\n    # print error to STDERR\n    echo \"error: The sandbox is not in sync with the Podfile.lock. Run 'pod install' or update your CocoaPods installation.\" >&2\n    exit 1\nfi\n# This output is used by Xcode 'outputs' to avoid re-running this script phase.\necho \"SUCCESS\" > \"${SCRIPT_OUTPUT_FILE_0}\"\n";
			showEnvVarsInLog = 0;
		};
/* End PBXShellScriptBuildPhase section */

/* Begin PBXSourcesBuildPhase section */
		BD502C992C210D680012A464 /* Sources */ = {
			isa = PBXSourcesBuildPhase;
			buildActionMask = 2147483647;
			files = (
				BD502CD32C210EFF0012A464 /* HomePageViewController.swift in Sources */,
				BD502CA52C210D680012A464 /* ViewController.swift in Sources */,
				BD502CA12C210D680012A464 /* AppDelegate.swift in Sources */,
				BD502CD52C210F0E0012A464 /* VerifyOTPViewController.swift in Sources */,
				BD502CA32C210D680012A464 /* SceneDelegate.swift in Sources */,
			);
			runOnlyForDeploymentPostprocessing = 0;
		};
		BD502CAF2C210D6A0012A464 /* Sources */ = {
			isa = PBXSourcesBuildPhase;
			buildActionMask = 2147483647;
			files = (
				BD502CB82C210D6A0012A464 /* FirebaseAuthenticationTests.swift in Sources */,
			);
			runOnlyForDeploymentPostprocessing = 0;
		};
		BD502CB92C210D6A0012A464 /* Sources */ = {
			isa = PBXSourcesBuildPhase;
			buildActionMask = 2147483647;
			files = (
				BD502CC22C210D6A0012A464 /* FirebaseAuthenticationUITests.swift in Sources */,
				BD502CC42C210D6A0012A464 /* FirebaseAuthenticationUITestsLaunchTests.swift in Sources */,
			);
			runOnlyForDeploymentPostprocessing = 0;
		};
/* End PBXSourcesBuildPhase section */

/* Begin PBXTargetDependency section */
		BD502CB52C210D6A0012A464 /* PBXTargetDependency */ = {
			isa = PBXTargetDependency;
			target = BD502C9C2C210D680012A464 /* FirebaseAuthentication */;
			targetProxy = BD502CB42C210D6A0012A464 /* PBXContainerItemProxy */;
		};
		BD502CBF2C210D6A0012A464 /* PBXTargetDependency */ = {
			isa = PBXTargetDependency;
			target = BD502C9C2C210D680012A464 /* FirebaseAuthentication */;
			targetProxy = BD502CBE2C210D6A0012A464 /* PBXContainerItemProxy */;
		};
/* End PBXTargetDependency section */

/* Begin PBXVariantGroup section */
		BD502CA62C210D680012A464 /* Main.storyboard */ = {
			isa = PBXVariantGroup;
			children = (
				BD502CA72C210D680012A464 /* Base */,
			);
			name = Main.storyboard;
			sourceTree = "<group>";
		};
		BD502CAB2C210D690012A464 /* LaunchScreen.storyboard */ = {
			isa = PBXVariantGroup;
			children = (
				BD502CAC2C210D690012A464 /* Base */,
			);
			name = LaunchScreen.storyboard;
			sourceTree = "<group>";
		};
/* End PBXVariantGroup section */

/* Begin XCBuildConfiguration section */
		BD502CC52C210D6A0012A464 /* Debug */ = {
			isa = XCBuildConfiguration;
			buildSettings = {
				ALWAYS_SEARCH_USER_PATHS = NO;
				ASSETCATALOG_COMPILER_GENERATE_SWIFT_ASSET_SYMBOL_EXTENSIONS = YES;
				CLANG_ANALYZER_NONNULL = YES;
				CLANG_ANALYZER_NUMBER_OBJECT_CONVERSION = YES_AGGRESSIVE;
				CLANG_CXX_LANGUAGE_STANDARD = "gnu++20";
				CLANG_ENABLE_MODULES = YES;
				CLANG_ENABLE_OBJC_ARC = YES;
				CLANG_ENABLE_OBJC_WEAK = YES;
				CLANG_WARN_BLOCK_CAPTURE_AUTORELEASING = YES;
				CLANG_WARN_BOOL_CONVERSION = YES;
				CLANG_WARN_COMMA = YES;
				CLANG_WARN_CONSTANT_CONVERSION = YES;
				CLANG_WARN_DEPRECATED_OBJC_IMPLEMENTATIONS = YES;
				CLANG_WARN_DIRECT_OBJC_ISA_USAGE = YES_ERROR;
				CLANG_WARN_DOCUMENTATION_COMMENTS = YES;
				CLANG_WARN_EMPTY_BODY = YES;
				CLANG_WARN_ENUM_CONVERSION = YES;
				CLANG_WARN_INFINITE_RECURSION = YES;
				CLANG_WARN_INT_CONVERSION = YES;
				CLANG_WARN_NON_LITERAL_NULL_CONVERSION = YES;
				CLANG_WARN_OBJC_IMPLICIT_RETAIN_SELF = YES;
				CLANG_WARN_OBJC_LITERAL_CONVERSION = YES;
				CLANG_WARN_OBJC_ROOT_CLASS = YES_ERROR;
				CLANG_WARN_QUOTED_INCLUDE_IN_FRAMEWORK_HEADER = YES;
				CLANG_WARN_RANGE_LOOP_ANALYSIS = YES;
				CLANG_WARN_STRICT_PROTOTYPES = YES;
				CLANG_WARN_SUSPICIOUS_MOVE = YES;
				CLANG_WARN_UNGUARDED_AVAILABILITY = YES_AGGRESSIVE;
				CLANG_WARN_UNREACHABLE_CODE = YES;
				CLANG_WARN__DUPLICATE_METHOD_MATCH = YES;
				COPY_PHASE_STRIP = NO;
				DEBUG_INFORMATION_FORMAT = dwarf;
				ENABLE_STRICT_OBJC_MSGSEND = YES;
				ENABLE_TESTABILITY = YES;
				ENABLE_USER_SCRIPT_SANDBOXING = YES;
				GCC_C_LANGUAGE_STANDARD = gnu17;
				GCC_DYNAMIC_NO_PIC = NO;
				GCC_NO_COMMON_BLOCKS = YES;
				GCC_OPTIMIZATION_LEVEL = 0;
				GCC_PREPROCESSOR_DEFINITIONS = (
					"DEBUG=1",
					"$(inherited)",
				);
				GCC_WARN_64_TO_32_BIT_CONVERSION = YES;
				GCC_WARN_ABOUT_RETURN_TYPE = YES_ERROR;
				GCC_WARN_UNDECLARED_SELECTOR = YES;
				GCC_WARN_UNINITIALIZED_AUTOS = YES_AGGRESSIVE;
				GCC_WARN_UNUSED_FUNCTION = YES;
				GCC_WARN_UNUSED_VARIABLE = YES;
				IPHONEOS_DEPLOYMENT_TARGET = 17.4;
				LOCALIZATION_PREFERS_STRING_CATALOGS = YES;
				MTL_ENABLE_DEBUG_INFO = INCLUDE_SOURCE;
				MTL_FAST_MATH = YES;
				ONLY_ACTIVE_ARCH = YES;
				SDKROOT = iphoneos;
				SWIFT_ACTIVE_COMPILATION_CONDITIONS = "DEBUG $(inherited)";
				SWIFT_OPTIMIZATION_LEVEL = "-Onone";
			};
			name = Debug;
		};
		BD502CC62C210D6A0012A464 /* Release */ = {
			isa = XCBuildConfiguration;
			buildSettings = {
				ALWAYS_SEARCH_USER_PATHS = NO;
				ASSETCATALOG_COMPILER_GENERATE_SWIFT_ASSET_SYMBOL_EXTENSIONS = YES;
				CLANG_ANALYZER_NONNULL = YES;
				CLANG_ANALYZER_NUMBER_OBJECT_CONVERSION = YES_AGGRESSIVE;
				CLANG_CXX_LANGUAGE_STANDARD = "gnu++20";
				CLANG_ENABLE_MODULES = YES;
				CLANG_ENABLE_OBJC_ARC = YES;
				CLANG_ENABLE_OBJC_WEAK = YES;
				CLANG_WARN_BLOCK_CAPTURE_AUTORELEASING = YES;
				CLANG_WARN_BOOL_CONVERSION = YES;
				CLANG_WARN_COMMA = YES;
				CLANG_WARN_CONSTANT_CONVERSION = YES;
				CLANG_WARN_DEPRECATED_OBJC_IMPLEMENTATIONS = YES;
				CLANG_WARN_DIRECT_OBJC_ISA_USAGE = YES_ERROR;
				CLANG_WARN_DOCUMENTATION_COMMENTS = YES;
				CLANG_WARN_EMPTY_BODY = YES;
				CLANG_WARN_ENUM_CONVERSION = YES;
				CLANG_WARN_INFINITE_RECURSION = YES;
				CLANG_WARN_INT_CONVERSION = YES;
				CLANG_WARN_NON_LITERAL_NULL_CONVERSION = YES;
				CLANG_WARN_OBJC_IMPLICIT_RETAIN_SELF = YES;
				CLANG_WARN_OBJC_LITERAL_CONVERSION = YES;
				CLANG_WARN_OBJC_ROOT_CLASS = YES_ERROR;
				CLANG_WARN_QUOTED_INCLUDE_IN_FRAMEWORK_HEADER = YES;
				CLANG_WARN_RANGE_LOOP_ANALYSIS = YES;
				CLANG_WARN_STRICT_PROTOTYPES = YES;
				CLANG_WARN_SUSPICIOUS_MOVE = YES;
				CLANG_WARN_UNGUARDED_AVAILABILITY = YES_AGGRESSIVE;
				CLANG_WARN_UNREACHABLE_CODE = YES;
				CLANG_WARN__DUPLICATE_METHOD_MATCH = YES;
				COPY_PHASE_STRIP = NO;
				DEBUG_INFORMATION_FORMAT = "dwarf-with-dsym";
				ENABLE_NS_ASSERTIONS = NO;
				ENABLE_STRICT_OBJC_MSGSEND = YES;
				ENABLE_USER_SCRIPT_SANDBOXING = YES;
				GCC_C_LANGUAGE_STANDARD = gnu17;
				GCC_NO_COMMON_BLOCKS = YES;
				GCC_WARN_64_TO_32_BIT_CONVERSION = YES;
				GCC_WARN_ABOUT_RETURN_TYPE = YES_ERROR;
				GCC_WARN_UNDECLARED_SELECTOR = YES;
				GCC_WARN_UNINITIALIZED_AUTOS = YES_AGGRESSIVE;
				GCC_WARN_UNUSED_FUNCTION = YES;
				GCC_WARN_UNUSED_VARIABLE = YES;
				IPHONEOS_DEPLOYMENT_TARGET = 17.4;
				LOCALIZATION_PREFERS_STRING_CATALOGS = YES;
				MTL_ENABLE_DEBUG_INFO = NO;
				MTL_FAST_MATH = YES;
				SDKROOT = iphoneos;
				SWIFT_COMPILATION_MODE = wholemodule;
				VALIDATE_PRODUCT = YES;
			};
			name = Release;
		};
		BD502CC82C210D6A0012A464 /* Debug */ = {
			isa = XCBuildConfiguration;
			baseConfigurationReference = 58B7C2FAFE4AA09E5F4B4D21 /* Pods-FirebaseAuthentication.debug.xcconfig */;
			buildSettings = {
				ASSETCATALOG_COMPILER_APPICON_NAME = AppIcon;
				ASSETCATALOG_COMPILER_GLOBAL_ACCENT_COLOR_NAME = AccentColor;
				CODE_SIGN_STYLE = Automatic;
				CURRENT_PROJECT_VERSION = 1;
				ENABLE_USER_SCRIPT_SANDBOXING = NO;
				GENERATE_INFOPLIST_FILE = YES;
				INFOPLIST_FILE = FirebaseAuthentication/Info.plist;
				INFOPLIST_KEY_UIApplicationSupportsIndirectInputEvents = YES;
				INFOPLIST_KEY_UILaunchStoryboardName = LaunchScreen;
				INFOPLIST_KEY_UIMainStoryboardFile = Main;
				INFOPLIST_KEY_UISupportedInterfaceOrientations_iPad = "UIInterfaceOrientationPortrait UIInterfaceOrientationPortraitUpsideDown UIInterfaceOrientationLandscapeLeft UIInterfaceOrientationLandscapeRight";
				INFOPLIST_KEY_UISupportedInterfaceOrientations_iPhone = "UIInterfaceOrientationPortrait UIInterfaceOrientationLandscapeLeft UIInterfaceOrientationLandscapeRight";
				LD_RUNPATH_SEARCH_PATHS = (
					"$(inherited)",
					"@executable_path/Frameworks",
				);
				MARKETING_VERSION = 1.0;
				PRODUCT_BUNDLE_IDENTIFIER = com.plexustechnology.FirebaseAuthentication;
				PRODUCT_NAME = "$(TARGET_NAME)";
				SWIFT_EMIT_LOC_STRINGS = YES;
				SWIFT_VERSION = 5.0;
				TARGETED_DEVICE_FAMILY = "1,2";
			};
			name = Debug;
		};
		BD502CC92C210D6A0012A464 /* Release */ = {
			isa = XCBuildConfiguration;
			baseConfigurationReference = EC24E762EF5D4CEE49BE825F /* Pods-FirebaseAuthentication.release.xcconfig */;
			buildSettings = {
				ASSETCATALOG_COMPILER_APPICON_NAME = AppIcon;
				ASSETCATALOG_COMPILER_GLOBAL_ACCENT_COLOR_NAME = AccentColor;
				CODE_SIGN_STYLE = Automatic;
				CURRENT_PROJECT_VERSION = 1;
				ENABLE_USER_SCRIPT_SANDBOXING = NO;
				GENERATE_INFOPLIST_FILE = YES;
				INFOPLIST_FILE = FirebaseAuthentication/Info.plist;
				INFOPLIST_KEY_UIApplicationSupportsIndirectInputEvents = YES;
				INFOPLIST_KEY_UILaunchStoryboardName = LaunchScreen;
				INFOPLIST_KEY_UIMainStoryboardFile = Main;
				INFOPLIST_KEY_UISupportedInterfaceOrientations_iPad = "UIInterfaceOrientationPortrait UIInterfaceOrientationPortraitUpsideDown UIInterfaceOrientationLandscapeLeft UIInterfaceOrientationLandscapeRight";
				INFOPLIST_KEY_UISupportedInterfaceOrientations_iPhone = "UIInterfaceOrientationPortrait UIInterfaceOrientationLandscapeLeft UIInterfaceOrientationLandscapeRight";
				LD_RUNPATH_SEARCH_PATHS = (
					"$(inherited)",
					"@executable_path/Frameworks",
				);
				MARKETING_VERSION = 1.0;
				PRODUCT_BUNDLE_IDENTIFIER = com.plexustechnology.FirebaseAuthentication;
				PRODUCT_NAME = "$(TARGET_NAME)";
				SWIFT_EMIT_LOC_STRINGS = YES;
				SWIFT_VERSION = 5.0;
				TARGETED_DEVICE_FAMILY = "1,2";
			};
			name = Release;
		};
		BD502CCB2C210D6A0012A464 /* Debug */ = {
			isa = XCBuildConfiguration;
			baseConfigurationReference = 53CBC68450FAD4D384B10B20 /* Pods-FirebaseAuthenticationTests.debug.xcconfig */;
			buildSettings = {
				ALWAYS_EMBED_SWIFT_STANDARD_LIBRARIES = YES;
				BUNDLE_LOADER = "$(TEST_HOST)";
				CODE_SIGN_STYLE = Automatic;
				CURRENT_PROJECT_VERSION = 1;
				GENERATE_INFOPLIST_FILE = YES;
				IPHONEOS_DEPLOYMENT_TARGET = 17.4;
				MARKETING_VERSION = 1.0;
				PRODUCT_BUNDLE_IDENTIFIER = com.plexustechnology.FirebaseAuthenticationTests;
				PRODUCT_NAME = "$(TARGET_NAME)";
				SWIFT_EMIT_LOC_STRINGS = NO;
				SWIFT_VERSION = 5.0;
				TARGETED_DEVICE_FAMILY = "1,2";
				TEST_HOST = "$(BUILT_PRODUCTS_DIR)/FirebaseAuthentication.app/$(BUNDLE_EXECUTABLE_FOLDER_PATH)/FirebaseAuthentication";
			};
			name = Debug;
		};
		BD502CCC2C210D6A0012A464 /* Release */ = {
			isa = XCBuildConfiguration;
			baseConfigurationReference = 6A035C7A2F1DE0C974646797 /* Pods-FirebaseAuthenticationTests.release.xcconfig */;
			buildSettings = {
				ALWAYS_EMBED_SWIFT_STANDARD_LIBRARIES = YES;
				BUNDLE_LOADER = "$(TEST_HOST)";
				CODE_SIGN_STYLE = Automatic;
				CURRENT_PROJECT_VERSION = 1;
				GENERATE_INFOPLIST_FILE = YES;
				IPHONEOS_DEPLOYMENT_TARGET = 17.4;
				MARKETING_VERSION = 1.0;
				PRODUCT_BUNDLE_IDENTIFIER = com.plexustechnology.FirebaseAuthenticationTests;
				PRODUCT_NAME = "$(TARGET_NAME)";
				SWIFT_EMIT_LOC_STRINGS = NO;
				SWIFT_VERSION = 5.0;
				TARGETED_DEVICE_FAMILY = "1,2";
				TEST_HOST = "$(BUILT_PRODUCTS_DIR)/FirebaseAuthentication.app/$(BUNDLE_EXECUTABLE_FOLDER_PATH)/FirebaseAuthentication";
			};
			name = Release;
		};
		BD502CCE2C210D6A0012A464 /* Debug */ = {
			isa = XCBuildConfiguration;
			baseConfigurationReference = ECCD70B7A05B6FCF9557B1BC /* Pods-FirebaseAuthentication-FirebaseAuthenticationUITests.debug.xcconfig */;
			buildSettings = {
				ALWAYS_EMBED_SWIFT_STANDARD_LIBRARIES = YES;
				CODE_SIGN_STYLE = Automatic;
				CURRENT_PROJECT_VERSION = 1;
				GENERATE_INFOPLIST_FILE = YES;
				MARKETING_VERSION = 1.0;
				PRODUCT_BUNDLE_IDENTIFIER = com.plexustechnology.FirebaseAuthenticationUITests;
				PRODUCT_NAME = "$(TARGET_NAME)";
				SWIFT_EMIT_LOC_STRINGS = NO;
				SWIFT_VERSION = 5.0;
				TARGETED_DEVICE_FAMILY = "1,2";
				TEST_TARGET_NAME = FirebaseAuthentication;
			};
			name = Debug;
		};
		BD502CCF2C210D6A0012A464 /* Release */ = {
			isa = XCBuildConfiguration;
			baseConfigurationReference = B595AB16A0CE7490E7623A6C /* Pods-FirebaseAuthentication-FirebaseAuthenticationUITests.release.xcconfig */;
			buildSettings = {
				ALWAYS_EMBED_SWIFT_STANDARD_LIBRARIES = YES;
				CODE_SIGN_STYLE = Automatic;
				CURRENT_PROJECT_VERSION = 1;
				GENERATE_INFOPLIST_FILE = YES;
				MARKETING_VERSION = 1.0;
				PRODUCT_BUNDLE_IDENTIFIER = com.plexustechnology.FirebaseAuthenticationUITests;
				PRODUCT_NAME = "$(TARGET_NAME)";
				SWIFT_EMIT_LOC_STRINGS = NO;
				SWIFT_VERSION = 5.0;
				TARGETED_DEVICE_FAMILY = "1,2";
				TEST_TARGET_NAME = FirebaseAuthentication;
			};
			name = Release;
		};
/* End XCBuildConfiguration section */

/* Begin XCConfigurationList section */
		BD502C982C210D680012A464 /* Build configuration list for PBXProject "FirebaseAuthentication" */ = {
			isa = XCConfigurationList;
			buildConfigurations = (
				BD502CC52C210D6A0012A464 /* Debug */,
				BD502CC62C210D6A0012A464 /* Release */,
			);
			defaultConfigurationIsVisible = 0;
			defaultConfigurationName = Release;
		};
		BD502CC72C210D6A0012A464 /* Build configuration list for PBXNativeTarget "FirebaseAuthentication" */ = {
			isa = XCConfigurationList;
			buildConfigurations = (
				BD502CC82C210D6A0012A464 /* Debug */,
				BD502CC92C210D6A0012A464 /* Release */,
			);
			defaultConfigurationIsVisible = 0;
			defaultConfigurationName = Release;
		};
		BD502CCA2C210D6A0012A464 /* Build configuration list for PBXNativeTarget "FirebaseAuthenticationTests" */ = {
			isa = XCConfigurationList;
			buildConfigurations = (
				BD502CCB2C210D6A0012A464 /* Debug */,
				BD502CCC2C210D6A0012A464 /* Release */,
			);
			defaultConfigurationIsVisible = 0;
			defaultConfigurationName = Release;
		};
		BD502CCD2C210D6A0012A464 /* Build configuration list for PBXNativeTarget "FirebaseAuthenticationUITests" */ = {
			isa = XCConfigurationList;
			buildConfigurations = (
				BD502CCE2C210D6A0012A464 /* Debug */,
				BD502CCF2C210D6A0012A464 /* Release */,
			);
			defaultConfigurationIsVisible = 0;
			defaultConfigurationName = Release;
		};
/* End XCConfigurationList section */
	};
	rootObject = BD502C952C210D680012A464 /* Project object */;
}
